
Microsoft Visual Studio Solution File, Format Version 12.00
Project("{FAE04EC0-301F-11D3-BF4B-00C04F79EFBC}") = "BobsBBQApi", "BobsBBQApi\BobsBBQApi.csproj", "{7FDF7C0C-7934-4539-8EA7-85DCD35D4B5E}"
EndProject
Project("{FAE04EC0-301F-11D3-BF4B-00C04F79EFBC}") = "UnitTests", "UnitTests\UnitTests.csproj", "{C0AC852C-8364-4E44-A898-0AAEC51AA87E}"
EndProject
Project("{2150E333-8FDC-42A3-9474-1A3956D46DE8}") = "Solution Items", "Solution Items", "{0D55F671-DBE6-490F-A44F-E1CBBD46A482}"
	ProjectSection(SolutionItems) = preProject
		docker-compose.yml = docker-compose.yml
	EndProjectSection
EndProject
Global
	GlobalSection(SolutionConfigurationPlatforms) = preSolution
		Debug|Any CPU = Debug|Any CPU
		Release|Any CPU = Release|Any CPU
	EndGlobalSection
	GlobalSection(ProjectConfigurationPlatforms) = postSolution
		{7FDF7C0C-7934-4539-8EA7-85DCD35D4B5E}.Debug|Any CPU.ActiveCfg = Debug|Any CPU
		{7FDF7C0C-7934-4539-8EA7-85DCD35D4B5E}.Debug|Any CPU.Build.0 = Debug|Any CPU
		{7FDF7C0C-7934-4539-8EA7-85DCD35D4B5E}.Release|Any CPU.ActiveCfg = Release|Any CPU
		{7FDF7C0C-7934-4539-8EA7-85DCD35D4B5E}.Release|Any CPU.Build.0 = Release|Any CPU
		{C0AC852C-8364-4E44-A898-0AAEC51AA87E}.Debug|Any CPU.ActiveCfg = Debug|Any CPU
		{C0AC852C-8364-4E44-A898-0AAEC51AA87E}.Debug|Any CPU.Build.0 = Debug|Any CPU
		{C0AC852C-8364-4E44-A898-0AAEC51AA87E}.Release|Any CPU.ActiveCfg = Release|Any CPU
		{C0AC852C-8364-4E44-A898-0AAEC51AA87E}.Release|Any CPU.Build.0 = Release|Any CPU
	EndGlobalSection
EndGlobal
